
Microsoft Visual Studio Solution File, Format Version 12.00
# Visual Studio 15
VisualStudioVersion = 15.0.28010.2048
MinimumVisualStudioVersion = 10.0.40219.1
Project("{9A19103F-16F7-4668-BE54-9A1E7A4F7556}") = "guru3-ldap.net", "guru3-ldap.net\guru3-ldap.net.csproj", "{150BA332-B5F3-458C-A09C-C928AE864B27}"
EndProject
Project("{9A19103F-16F7-4668-BE54-9A1E7A4F7556}") = "guru3-ldap.test", "guru3-ldap.test\guru3-ldap.test.csproj", "{EF93FAEC-6905-4154-A434-D5111E6EAA45}"
EndProject
Project("{2150E333-8FDC-42A3-9474-1A3956D46DE8}") = "ldap.net", "ldap.net", "{E0E7A4CF-B123-4746-BDC3-CD2838808A97}"
EndProject
Project("{9A19103F-16F7-4668-BE54-9A1E7A4F7556}") = "ldap", "ldap.net\ldap\ldap.csproj", "{F857AA44-757D-4CB8-B16A-2648D0926573}"
EndProject
Project("{9A19103F-16F7-4668-BE54-9A1E7A4F7556}") = "asn.1", "ldap.net\asn.1\asn.1.csproj", "{55B98D4C-4653-4FDF-8BD9-FC5272085490}"
EndProject
Global
	GlobalSection(SolutionConfigurationPlatforms) = preSolution
		Debug|Any CPU = Debug|Any CPU
		Release|Any CPU = Release|Any CPU
	EndGlobalSection
	GlobalSection(ProjectConfigurationPlatforms) = postSolution
		{150BA332-B5F3-458C-A09C-C928AE864B27}.Debug|Any CPU.ActiveCfg = Debug|Any CPU
		{150BA332-B5F3-458C-A09C-C928AE864B27}.Debug|Any CPU.Build.0 = Debug|Any CPU
		{150BA332-B5F3-458C-A09C-C928AE864B27}.Release|Any CPU.ActiveCfg = Release|Any CPU
		{150BA332-B5F3-458C-A09C-C928AE864B27}.Release|Any CPU.Build.0 = Release|Any CPU
		{EF93FAEC-6905-4154-A434-D5111E6EAA45}.Debug|Any CPU.ActiveCfg = Debug|Any CPU
		{EF93FAEC-6905-4154-A434-D5111E6EAA45}.Debug|Any CPU.Build.0 = Debug|Any CPU
		{EF93FAEC-6905-4154-A434-D5111E6EAA45}.Release|Any CPU.ActiveCfg = Release|Any CPU
		{EF93FAEC-6905-4154-A434-D5111E6EAA45}.Release|Any CPU.Build.0 = Release|Any CPU
		{F857AA44-757D-4CB8-B16A-2648D0926573}.Debug|Any CPU.ActiveCfg = Debug|Any CPU
		{F857AA44-757D-4CB8-B16A-2648D0926573}.Debug|Any CPU.Build.0 = Debug|Any CPU
		{F857AA44-757D-4CB8-B16A-2648D0926573}.Release|Any CPU.ActiveCfg = Release|Any CPU
		{F857AA44-757D-4CB8-B16A-2648D0926573}.Release|Any CPU.Build.0 = Release|Any CPU
		{55B98D4C-4653-4FDF-8BD9-FC5272085490}.Debug|Any CPU.ActiveCfg = Debug|Any CPU
		{55B98D4C-4653-4FDF-8BD9-FC5272085490}.Debug|Any CPU.Build.0 = Debug|Any CPU
		{55B98D4C-4653-4FDF-8BD9-FC5272085490}.Release|Any CPU.ActiveCfg = Release|Any CPU
		{55B98D4C-4653-4FDF-8BD9-FC5272085490}.Release|Any CPU.Build.0 = Release|Any CPU
	EndGlobalSection
	GlobalSection(SolutionProperties) = preSolution
		HideSolutionNode = FALSE
	EndGlobalSection
	GlobalSection(NestedProjects) = preSolution
		{F857AA44-757D-4CB8-B16A-2648D0926573} = {E0E7A4CF-B123-4746-BDC3-CD2838808A97}
		{55B98D4C-4653-4FDF-8BD9-FC5272085490} = {E0E7A4CF-B123-4746-BDC3-CD2838808A97}
	EndGlobalSection
	GlobalSection(ExtensibilityGlobals) = postSolution
		SolutionGuid = {1F4E23D3-38FC-4EBC-825C-CBE160DC5EE5}
	EndGlobalSection
EndGlobal
